{
    "_readme": [
        "This file locks the dependencies of your project to a known state",
        "Read more about it at https://getcomposer.org/doc/01-basic-usage.md#installing-dependencies",
        "This file is @generated automatically"
    ],
    "content-hash": "1b14fa48301293f802d4d440c79c7f50",
    "packages": [
        {
            "name": "andywaite/sudoku-solver",
            "version": "dev-master",
            "source": {
                "type": "git",
                "url": "https://github.com/andywaite/sudoku-solver.git",
                "reference": "51277e11ff19d3fe89907dc8e6a481348c58a6a5"
            },
            "dist": {
                "type": "zip",
                "url": "https://api.github.com/repos/andywaite/sudoku-solver/zipball/51277e11ff19d3fe89907dc8e6a481348c58a6a5",
                "reference": "51277e11ff19d3fe89907dc8e6a481348c58a6a5",
                "shasum": ""
            },
            "require": {
                "php": "^7.2"
            },
            "require-dev": {
                "phpunit/phpunit": "^9.0"
            },
            "type": "library",
            "autoload": {
                "psr-4": {
                    "Andywaite\\Sudoku\\": "src/"
                }
            },
            "authors": [
                {
                    "name": "Andrew Waite",
                    "email": "andrewwaite@silktide.com"
                }
            ],
            "support": {
                "source": "https://github.com/andywaite/sudoku-solver/tree/master",
                "issues": "https://github.com/andywaite/sudoku-solver/issues"
            },
            "time": "2020-02-19T22:50:32+00:00"
        }
    ],
    "packages-dev": [],
    "aliases": [],
    "minimum-stability": "stable",
    "stability-flags": {
        "andywaite/sudoku-solver": 20
    },
    "prefer-stable": false,
    "prefer-lowest": false,
    "platform": {
        "php": ">=7.2"
    },
    "platform-dev": []
}
